// !$*UTF8*$!
{
	archiveVersion = 1;
	classes = {
	};
	objectVersion = 56;
	objects = {

/* Begin PBXBuildFile section */
		9805468C29438901006301CF /* jinxImage.swift in Sources */ = {isa = PBXBuildFile; fileRef = 9805468B29438901006301CF /* jinxImage.swift */; };
		9805468E2944DFCF006301CF /* CalendarView.swift in Sources */ = {isa = PBXBuildFile; fileRef = 9805468D2944DFCF006301CF /* CalendarView.swift */; };
		9808BF332946C3380050F8D1 /* EntryView.swift in Sources */ = {isa = PBXBuildFile; fileRef = 9808BF322946C3380050F8D1 /* EntryView.swift */; };
		981D382A294C237300B30715 /* ReviewEntry.swift in Sources */ = {isa = PBXBuildFile; fileRef = 981D3829294C237200B30715 /* ReviewEntry.swift */; };
		9835735A2944F54700038530 /* CurrentDayView.swift in Sources */ = {isa = PBXBuildFile; fileRef = 983573592944F54700038530 /* CurrentDayView.swift */; };
		9835735C294509B200038530 /* SearchView.swift in Sources */ = {isa = PBXBuildFile; fileRef = 9835735B294509B200038530 /* SearchView.swift */; };
		98364529296F36BB0097B34E /* CreditsView.swift in Sources */ = {isa = PBXBuildFile; fileRef = 98364528296F36BB0097B34E /* CreditsView.swift */; };
		985CFA9B295137E1001FB400 /* DiaryModel.swift in Sources */ = {isa = PBXBuildFile; fileRef = 985CFA9A295137E1001FB400 /* DiaryModel.swift */; };
		985CFA9E29513BAF001FB400 /* DiaryModelController.swift in Sources */ = {isa = PBXBuildFile; fileRef = 985CFA9D29513BAF001FB400 /* DiaryModelController.swift */; };
		987D8DE3294621EA00C807F2 /* TabMainView.swift in Sources */ = {isa = PBXBuildFile; fileRef = 987D8DE2294621EA00C807F2 /* TabMainView.swift */; };
		987D8DE52946313900C807F2 /* SearchBar.swift in Sources */ = {isa = PBXBuildFile; fileRef = 987D8DE42946313900C807F2 /* SearchBar.swift */; };
		9899EC2329665AAB00E02277 /* UpdateEntry.swift in Sources */ = {isa = PBXBuildFile; fileRef = 9899EC2229665AAB00E02277 /* UpdateEntry.swift */; };
		9899EC252966869C00E02277 /* SettingsView.swift in Sources */ = {isa = PBXBuildFile; fileRef = 9899EC242966869C00E02277 /* SettingsView.swift */; };
		9899EC2829668C5A00E02277 /* NotificationsView.swift in Sources */ = {isa = PBXBuildFile; fileRef = 9899EC2729668C5A00E02277 /* NotificationsView.swift */; };
		9899EC2A29668C7300E02277 /* ColourPaletteView.swift in Sources */ = {isa = PBXBuildFile; fileRef = 9899EC2929668C7300E02277 /* ColourPaletteView.swift */; };
		98B40B0D294BBEC400463C68 /* NoEntriesView.swift in Sources */ = {isa = PBXBuildFile; fileRef = 98B40B0C294BBEC400463C68 /* NoEntriesView.swift */; };
		98B40B0F294BBF2500463C68 /* EntryRow.swift in Sources */ = {isa = PBXBuildFile; fileRef = 98B40B0E294BBF2500463C68 /* EntryRow.swift */; };
		98D70D2A2952503600410D33 /* TodayHeader.swift in Sources */ = {isa = PBXBuildFile; fileRef = 98D70D292952503600410D33 /* TodayHeader.swift */; };
		98D87FA3296A6321006F7C09 /* UserNameController.swift in Sources */ = {isa = PBXBuildFile; fileRef = 98D87FA2296A6321006F7C09 /* UserNameController.swift */; };
		98DB8576295B8C000048A596 /* DummyDiaryEntry.swift in Sources */ = {isa = PBXBuildFile; fileRef = 98DB8575295B8C000048A596 /* DummyDiaryEntry.swift */; };
		98DB857A295EAEA90048A596 /* ThemeButton.swift in Sources */ = {isa = PBXBuildFile; fileRef = 98DB8579295EAEA90048A596 /* ThemeButton.swift */; };
		98DDB1E5294ABA3B00D933D4 /* YanoneKaffeesatz-Light.ttf in Resources */ = {isa = PBXBuildFile; fileRef = 98DDB1E4294ABA3B00D933D4 /* YanoneKaffeesatz-Light.ttf */; };
		98DDB1E9294ABA5400D933D4 /* Poppins-Light.ttf in Resources */ = {isa = PBXBuildFile; fileRef = 98DDB1E8294ABA5400D933D4 /* Poppins-Light.ttf */; };
		98DDB1EE294AC14B00D933D4 /* Holla.ttf in Resources */ = {isa = PBXBuildFile; fileRef = 98DDB1ED294AC14B00D933D4 /* Holla.ttf */; };
		98DDB1F4294AC80B00D933D4 /* MADEWaffleSlab.ttf in Resources */ = {isa = PBXBuildFile; fileRef = 98DDB1F3294AC80B00D933D4 /* MADEWaffleSlab.ttf */; };
		98DDB1F6294AD82200D933D4 /* YanoneKaffeesatz-Bold.ttf in Resources */ = {isa = PBXBuildFile; fileRef = 98DDB1F5294AD82200D933D4 /* YanoneKaffeesatz-Bold.ttf */; };
		98DFEF5729674784006F9BE4 /* HeaderView.swift in Sources */ = {isa = PBXBuildFile; fileRef = 98DFEF5629674784006F9BE4 /* HeaderView.swift */; };
		98DFEF5929679DED006F9BE4 /* ColourSchemeController.swift in Sources */ = {isa = PBXBuildFile; fileRef = 98DFEF5829679DED006F9BE4 /* ColourSchemeController.swift */; };
		98E3F2B129427B3E00FFCFA1 /* Luna_DiaryApp.swift in Sources */ = {isa = PBXBuildFile; fileRef = 98E3F2B029427B3E00FFCFA1 /* Luna_DiaryApp.swift */; };
		98E3F2B329427B3E00FFCFA1 /* ContentView.swift in Sources */ = {isa = PBXBuildFile; fileRef = 98E3F2B229427B3E00FFCFA1 /* ContentView.swift */; };
		98E3F2B529427B4100FFCFA1 /* Assets.xcassets in Resources */ = {isa = PBXBuildFile; fileRef = 98E3F2B429427B4100FFCFA1 /* Assets.xcassets */; };
		98E3F2B829427B4100FFCFA1 /* Preview Assets.xcassets in Resources */ = {isa = PBXBuildFile; fileRef = 98E3F2B729427B4100FFCFA1 /* Preview Assets.xcassets */; };
		98E3F2C229427B4200FFCFA1 /* Luna_DiaryTests.swift in Sources */ = {isa = PBXBuildFile; fileRef = 98E3F2C129427B4200FFCFA1 /* Luna_DiaryTests.swift */; };
		98E3F2CC29427B4200FFCFA1 /* Luna_DiaryUITests.swift in Sources */ = {isa = PBXBuildFile; fileRef = 98E3F2CB29427B4200FFCFA1 /* Luna_DiaryUITests.swift */; };
		98E3F2CE29427B4200FFCFA1 /* Luna_DiaryUITestsLaunchTests.swift in Sources */ = {isa = PBXBuildFile; fileRef = 98E3F2CD29427B4200FFCFA1 /* Luna_DiaryUITestsLaunchTests.swift */; };
		98F1224829684D0500E4F4D1 /* HelperExtensions.swift in Sources */ = {isa = PBXBuildFile; fileRef = 98F1224729684D0500E4F4D1 /* HelperExtensions.swift */; };
		98F1224A2969320200E4F4D1 /* NameChangeView.swift in Sources */ = {isa = PBXBuildFile; fileRef = 98F122492969320200E4F4D1 /* NameChangeView.swift */; };
		98F1224C29693D2400E4F4D1 /* ReviewAllEntriesView.swift in Sources */ = {isa = PBXBuildFile; fileRef = 98F1224B29693D2300E4F4D1 /* ReviewAllEntriesView.swift */; };
		98F8EF3829625BA00098EF71 /* datesList.swift in Sources */ = {isa = PBXBuildFile; fileRef = 98F8EF3729625BA00098EF71 /* datesList.swift */; };
		98F8EF3A29626F8D0098EF71 /* EntryRowDate.swift in Sources */ = {isa = PBXBuildFile; fileRef = 98F8EF3929626F8D0098EF71 /* EntryRowDate.swift */; };
		98F8EF3D2962720D0098EF71 /* HelperFunctions.swift in Sources */ = {isa = PBXBuildFile; fileRef = 98F8EF3C2962720D0098EF71 /* HelperFunctions.swift */; };
		98F8EF3F29629F7E0098EF71 /* SearchCancelButton.swift in Sources */ = {isa = PBXBuildFile; fileRef = 98F8EF3E29629F7E0098EF71 /* SearchCancelButton.swift */; };
/* End PBXBuildFile section */

/* Begin PBXContainerItemProxy section */
		98E3F2BE29427B4200FFCFA1 /* PBXContainerItemProxy */ = {
			isa = PBXContainerItemProxy;
			containerPortal = 98E3F2A529427B3E00FFCFA1 /* Project object */;
			proxyType = 1;
			remoteGlobalIDString = 98E3F2AC29427B3E00FFCFA1;
			remoteInfo = "Luna-Diary";
		};
		98E3F2C829427B4200FFCFA1 /* PBXContainerItemProxy */ = {
			isa = PBXContainerItemProxy;
			containerPortal = 98E3F2A529427B3E00FFCFA1 /* Project object */;
			proxyType = 1;
			remoteGlobalIDString = 98E3F2AC29427B3E00FFCFA1;
			remoteInfo = "Luna-Diary";
		};
/* End PBXContainerItemProxy section */

/* Begin PBXFileReference section */
		9805468B29438901006301CF /* jinxImage.swift */ = {isa = PBXFileReference; lastKnownFileType = sourcecode.swift; path = jinxImage.swift; sourceTree = "<group>"; };
		9805468D2944DFCF006301CF /* CalendarView.swift */ = {isa = PBXFileReference; lastKnownFileType = sourcecode.swift; path = CalendarView.swift; sourceTree = "<group>"; };
		9808BF322946C3380050F8D1 /* EntryView.swift */ = {isa = PBXFileReference; lastKnownFileType = sourcecode.swift; path = EntryView.swift; sourceTree = "<group>"; };
		981D3829294C237200B30715 /* ReviewEntry.swift */ = {isa = PBXFileReference; lastKnownFileType = sourcecode.swift; path = ReviewEntry.swift; sourceTree = "<group>"; };
		983573592944F54700038530 /* CurrentDayView.swift */ = {isa = PBXFileReference; lastKnownFileType = sourcecode.swift; path = CurrentDayView.swift; sourceTree = "<group>"; };
		9835735B294509B200038530 /* SearchView.swift */ = {isa = PBXFileReference; lastKnownFileType = sourcecode.swift; path = SearchView.swift; sourceTree = "<group>"; };
		98364528296F36BB0097B34E /* CreditsView.swift */ = {isa = PBXFileReference; lastKnownFileType = sourcecode.swift; path = CreditsView.swift; sourceTree = "<group>"; };
		984D2471296FAAC600BD8180 /* Info.plist */ = {isa = PBXFileReference; lastKnownFileType = text.plist.xml; path = Info.plist; sourceTree = "<group>"; };
		985CFA9A295137E1001FB400 /* DiaryModel.swift */ = {isa = PBXFileReference; lastKnownFileType = sourcecode.swift; path = DiaryModel.swift; sourceTree = "<group>"; };
		985CFA9D29513BAF001FB400 /* DiaryModelController.swift */ = {isa = PBXFileReference; lastKnownFileType = sourcecode.swift; path = DiaryModelController.swift; sourceTree = "<group>"; };
		987D8DE2294621EA00C807F2 /* TabMainView.swift */ = {isa = PBXFileReference; lastKnownFileType = sourcecode.swift; path = TabMainView.swift; sourceTree = "<group>"; };
		987D8DE42946313900C807F2 /* SearchBar.swift */ = {isa = PBXFileReference; lastKnownFileType = sourcecode.swift; path = SearchBar.swift; sourceTree = "<group>"; };
		9899EC2229665AAB00E02277 /* UpdateEntry.swift */ = {isa = PBXFileReference; lastKnownFileType = sourcecode.swift; path = UpdateEntry.swift; sourceTree = "<group>"; };
		9899EC242966869C00E02277 /* SettingsView.swift */ = {isa = PBXFileReference; lastKnownFileType = sourcecode.swift; path = SettingsView.swift; sourceTree = "<group>"; };
		9899EC2729668C5A00E02277 /* NotificationsView.swift */ = {isa = PBXFileReference; lastKnownFileType = sourcecode.swift; path = NotificationsView.swift; sourceTree = "<group>"; };
		9899EC2929668C7300E02277 /* ColourPaletteView.swift */ = {isa = PBXFileReference; lastKnownFileType = sourcecode.swift; path = ColourPaletteView.swift; sourceTree = "<group>"; };
		98B40B0C294BBEC400463C68 /* NoEntriesView.swift */ = {isa = PBXFileReference; lastKnownFileType = sourcecode.swift; path = NoEntriesView.swift; sourceTree = "<group>"; };
		98B40B0E294BBF2500463C68 /* EntryRow.swift */ = {isa = PBXFileReference; lastKnownFileType = sourcecode.swift; path = EntryRow.swift; sourceTree = "<group>"; };
		98D70D292952503600410D33 /* TodayHeader.swift */ = {isa = PBXFileReference; lastKnownFileType = sourcecode.swift; path = TodayHeader.swift; sourceTree = "<group>"; };
		98D87FA2296A6321006F7C09 /* UserNameController.swift */ = {isa = PBXFileReference; lastKnownFileType = sourcecode.swift; path = UserNameController.swift; sourceTree = "<group>"; };
		98DB8575295B8C000048A596 /* DummyDiaryEntry.swift */ = {isa = PBXFileReference; lastKnownFileType = sourcecode.swift; path = DummyDiaryEntry.swift; sourceTree = "<group>"; };
		98DB8579295EAEA90048A596 /* ThemeButton.swift */ = {isa = PBXFileReference; lastKnownFileType = sourcecode.swift; path = ThemeButton.swift; sourceTree = "<group>"; };
		98DDB1E4294ABA3B00D933D4 /* YanoneKaffeesatz-Light.ttf */ = {isa = PBXFileReference; lastKnownFileType = file; path = "YanoneKaffeesatz-Light.ttf"; sourceTree = "<group>"; };
		98DDB1E8294ABA5400D933D4 /* Poppins-Light.ttf */ = {isa = PBXFileReference; lastKnownFileType = file; path = "Poppins-Light.ttf"; sourceTree = "<group>"; };
		98DDB1EC294ABC5300D933D4 /* Info.plist */ = {isa = PBXFileReference; lastKnownFileType = text.plist; path = Info.plist; sourceTree = "<group>"; };
		98DDB1ED294AC14B00D933D4 /* Holla.ttf */ = {isa = PBXFileReference; lastKnownFileType = file; path = Holla.ttf; sourceTree = "<group>"; };
		98DDB1F3294AC80B00D933D4 /* MADEWaffleSlab.ttf */ = {isa = PBXFileReference; lastKnownFileType = file; path = MADEWaffleSlab.ttf; sourceTree = "<group>"; };
		98DDB1F5294AD82200D933D4 /* YanoneKaffeesatz-Bold.ttf */ = {isa = PBXFileReference; lastKnownFileType = file; path = "YanoneKaffeesatz-Bold.ttf"; sourceTree = "<group>"; };
		98DFEF5629674784006F9BE4 /* HeaderView.swift */ = {isa = PBXFileReference; lastKnownFileType = sourcecode.swift; path = HeaderView.swift; sourceTree = "<group>"; };
		98DFEF5829679DED006F9BE4 /* ColourSchemeController.swift */ = {isa = PBXFileReference; lastKnownFileType = sourcecode.swift; path = ColourSchemeController.swift; sourceTree = "<group>"; };
		98E3F2AD29427B3E00FFCFA1 /* Luna-Diary.app */ = {isa = PBXFileReference; explicitFileType = wrapper.application; includeInIndex = 0; path = "Luna-Diary.app"; sourceTree = BUILT_PRODUCTS_DIR; };
		98E3F2B029427B3E00FFCFA1 /* Luna_DiaryApp.swift */ = {isa = PBXFileReference; lastKnownFileType = sourcecode.swift; path = Luna_DiaryApp.swift; sourceTree = "<group>"; };
		98E3F2B229427B3E00FFCFA1 /* ContentView.swift */ = {isa = PBXFileReference; lastKnownFileType = sourcecode.swift; path = ContentView.swift; sourceTree = "<group>"; };
		98E3F2B429427B4100FFCFA1 /* Assets.xcassets */ = {isa = PBXFileReference; lastKnownFileType = folder.assetcatalog; path = Assets.xcassets; sourceTree = "<group>"; };
		98E3F2B729427B4100FFCFA1 /* Preview Assets.xcassets */ = {isa = PBXFileReference; lastKnownFileType = folder.assetcatalog; path = "Preview Assets.xcassets"; sourceTree = "<group>"; };
		98E3F2BD29427B4200FFCFA1 /* Luna-DiaryTests.xctest */ = {isa = PBXFileReference; explicitFileType = wrapper.cfbundle; includeInIndex = 0; path = "Luna-DiaryTests.xctest"; sourceTree = BUILT_PRODUCTS_DIR; };
		98E3F2C129427B4200FFCFA1 /* Luna_DiaryTests.swift */ = {isa = PBXFileReference; lastKnownFileType = sourcecode.swift; path = Luna_DiaryTests.swift; sourceTree = "<group>"; };
		98E3F2C729427B4200FFCFA1 /* Luna-DiaryUITests.xctest */ = {isa = PBXFileReference; explicitFileType = wrapper.cfbundle; includeInIndex = 0; path = "Luna-DiaryUITests.xctest"; sourceTree = BUILT_PRODUCTS_DIR; };
		98E3F2CB29427B4200FFCFA1 /* Luna_DiaryUITests.swift */ = {isa = PBXFileReference; lastKnownFileType = sourcecode.swift; path = Luna_DiaryUITests.swift; sourceTree = "<group>"; };
		98E3F2CD29427B4200FFCFA1 /* Luna_DiaryUITestsLaunchTests.swift */ = {isa = PBXFileReference; lastKnownFileType = sourcecode.swift; path = Luna_DiaryUITestsLaunchTests.swift; sourceTree = "<group>"; };
		98F1224729684D0500E4F4D1 /* HelperExtensions.swift */ = {isa = PBXFileReference; lastKnownFileType = sourcecode.swift; path = HelperExtensions.swift; sourceTree = "<group>"; };
		98F122492969320200E4F4D1 /* NameChangeView.swift */ = {isa = PBXFileReference; lastKnownFileType = sourcecode.swift; path = NameChangeView.swift; sourceTree = "<group>"; };
		98F1224B29693D2300E4F4D1 /* ReviewAllEntriesView.swift */ = {isa = PBXFileReference; lastKnownFileType = sourcecode.swift; path = ReviewAllEntriesView.swift; sourceTree = "<group>"; };
		98F8EF3729625BA00098EF71 /* datesList.swift */ = {isa = PBXFileReference; lastKnownFileType = sourcecode.swift; path = datesList.swift; sourceTree = "<group>"; };
		98F8EF3929626F8D0098EF71 /* EntryRowDate.swift */ = {isa = PBXFileReference; lastKnownFileType = sourcecode.swift; path = EntryRowDate.swift; sourceTree = "<group>"; };
		98F8EF3C2962720D0098EF71 /* HelperFunctions.swift */ = {isa = PBXFileReference; lastKnownFileType = sourcecode.swift; path = HelperFunctions.swift; sourceTree = "<group>"; };
		98F8EF3E29629F7E0098EF71 /* SearchCancelButton.swift */ = {isa = PBXFileReference; lastKnownFileType = sourcecode.swift; path = SearchCancelButton.swift; sourceTree = "<group>"; };
/* End PBXFileReference section */

/* Begin PBXFrameworksBuildPhase section */
		98E3F2AA29427B3E00FFCFA1 /* Frameworks */ = {
			isa = PBXFrameworksBuildPhase;
			buildActionMask = 2147483647;
			files = (
			);
			runOnlyForDeploymentPostprocessing = 0;
		};
		98E3F2BA29427B4200FFCFA1 /* Frameworks */ = {
			isa = PBXFrameworksBuildPhase;
			buildActionMask = 2147483647;
			files = (
			);
			runOnlyForDeploymentPostprocessing = 0;
		};
		98E3F2C429427B4200FFCFA1 /* Frameworks */ = {
			isa = PBXFrameworksBuildPhase;
			buildActionMask = 2147483647;
			files = (
			);
			runOnlyForDeploymentPostprocessing = 0;
		};
/* End PBXFrameworksBuildPhase section */

/* Begin PBXGroup section */
		9846568029481001000DE186 /* Models */ = {
			isa = PBXGroup;
			children = (
				985CFA9A295137E1001FB400 /* DiaryModel.swift */,
				98DB8575295B8C000048A596 /* DummyDiaryEntry.swift */,
				98F8EF3729625BA00098EF71 /* datesList.swift */,
			);
			path = Models;
			sourceTree = "<group>";
		};
		985CFA9C29513B94001FB400 /* Controllers */ = {
			isa = PBXGroup;
			children = (
				985CFA9D29513BAF001FB400 /* DiaryModelController.swift */,
				98DFEF5829679DED006F9BE4 /* ColourSchemeController.swift */,
				98D87FA2296A6321006F7C09 /* UserNameController.swift */,
			);
			path = Controllers;
			sourceTree = "<group>";
		};
		987D8DE6294636BA00C807F2 /* Views */ = {
			isa = PBXGroup;
			children = (
				9899EC2629668AC700E02277 /* SettingViews */,
				98E3F2B029427B3E00FFCFA1 /* Luna_DiaryApp.swift */,
				98E3F2B229427B3E00FFCFA1 /* ContentView.swift */,
				9805468D2944DFCF006301CF /* CalendarView.swift */,
				983573592944F54700038530 /* CurrentDayView.swift */,
				9835735B294509B200038530 /* SearchView.swift */,
				987D8DE2294621EA00C807F2 /* TabMainView.swift */,
				9808BF322946C3380050F8D1 /* EntryView.swift */,
				981D3829294C237200B30715 /* ReviewEntry.swift */,
				9899EC2229665AAB00E02277 /* UpdateEntry.swift */,
				9899EC242966869C00E02277 /* SettingsView.swift */,
				98F1224B29693D2300E4F4D1 /* ReviewAllEntriesView.swift */,
				98364528296F36BB0097B34E /* CreditsView.swift */,
			);
			path = Views;
			sourceTree = "<group>";
		};
		9899EC2629668AC700E02277 /* SettingViews */ = {
			isa = PBXGroup;
			children = (
				9899EC2729668C5A00E02277 /* NotificationsView.swift */,
				9899EC2929668C7300E02277 /* ColourPaletteView.swift */,
				98F122492969320200E4F4D1 /* NameChangeView.swift */,
			);
			path = SettingViews;
			sourceTree = "<group>";
		};
		98B40B0B294BBE4300463C68 /* Components */ = {
			isa = PBXGroup;
			children = (
				987D8DE42946313900C807F2 /* SearchBar.swift */,
				98B40B0C294BBEC400463C68 /* NoEntriesView.swift */,
				98B40B0E294BBF2500463C68 /* EntryRow.swift */,
				98D70D292952503600410D33 /* TodayHeader.swift */,
				98DB8579295EAEA90048A596 /* ThemeButton.swift */,
				98F8EF3929626F8D0098EF71 /* EntryRowDate.swift */,
				98F8EF3E29629F7E0098EF71 /* SearchCancelButton.swift */,
				98DFEF5629674784006F9BE4 /* HeaderView.swift */,
			);
			path = Components;
			sourceTree = "<group>";
		};
		98DDB1D9294AB2EC00D933D4 /* Fonts */ = {
			isa = PBXGroup;
			children = (
				98DDB1F5294AD82200D933D4 /* YanoneKaffeesatz-Bold.ttf */,
				98DDB1F3294AC80B00D933D4 /* MADEWaffleSlab.ttf */,
				98DDB1ED294AC14B00D933D4 /* Holla.ttf */,
				98DDB1E4294ABA3B00D933D4 /* YanoneKaffeesatz-Light.ttf */,
				98DDB1E8294ABA5400D933D4 /* Poppins-Light.ttf */,
			);
			path = Fonts;
			sourceTree = "<group>";
		};
		98E3F2A429427B3E00FFCFA1 = {
			isa = PBXGroup;
			children = (
				98E3F2AF29427B3E00FFCFA1 /* Luna-Diary */,
				98E3F2C029427B4200FFCFA1 /* Luna-DiaryTests */,
				98E3F2CA29427B4200FFCFA1 /* Luna-DiaryUITests */,
				98E3F2AE29427B3E00FFCFA1 /* Products */,
			);
			sourceTree = "<group>";
		};
		98E3F2AE29427B3E00FFCFA1 /* Products */ = {
			isa = PBXGroup;
			children = (
				98E3F2AD29427B3E00FFCFA1 /* Luna-Diary.app */,
				98E3F2BD29427B4200FFCFA1 /* Luna-DiaryTests.xctest */,
				98E3F2C729427B4200FFCFA1 /* Luna-DiaryUITests.xctest */,
			);
			name = Products;
			sourceTree = "<group>";
		};
		98E3F2AF29427B3E00FFCFA1 /* Luna-Diary */ = {
			isa = PBXGroup;
			children = (
				98DDB1EC294ABC5300D933D4 /* Info.plist */,
				984D2471296FAAC600BD8180 /* Info.plist */,
				98F8EF3B296271FB0098EF71 /* Helpers */,
				985CFA9C29513B94001FB400 /* Controllers */,
				98B40B0B294BBE4300463C68 /* Components */,
				98DDB1D9294AB2EC00D933D4 /* Fonts */,
				9846568029481001000DE186 /* Models */,
				987D8DE6294636BA00C807F2 /* Views */,
				98E3F2B429427B4100FFCFA1 /* Assets.xcassets */,
				98E3F2B629427B4100FFCFA1 /* Preview Content */,
				9805468B29438901006301CF /* jinxImage.swift */,
			);
			path = "Luna-Diary";
			sourceTree = "<group>";
		};
		98E3F2B629427B4100FFCFA1 /* Preview Content */ = {
			isa = PBXGroup;
			children = (
				98E3F2B729427B4100FFCFA1 /* Preview Assets.xcassets */,
			);
			path = "Preview Content";
			sourceTree = "<group>";
		};
		98E3F2C029427B4200FFCFA1 /* Luna-DiaryTests */ = {
			isa = PBXGroup;
			children = (
				98E3F2C129427B4200FFCFA1 /* Luna_DiaryTests.swift */,
			);
			path = "Luna-DiaryTests";
			sourceTree = "<group>";
		};
		98E3F2CA29427B4200FFCFA1 /* Luna-DiaryUITests */ = {
			isa = PBXGroup;
			children = (
				98E3F2CB29427B4200FFCFA1 /* Luna_DiaryUITests.swift */,
				98E3F2CD29427B4200FFCFA1 /* Luna_DiaryUITestsLaunchTests.swift */,
			);
			path = "Luna-DiaryUITests";
			sourceTree = "<group>";
		};
		98F8EF3B296271FB0098EF71 /* Helpers */ = {
			isa = PBXGroup;
			children = (
				98F8EF3C2962720D0098EF71 /* HelperFunctions.swift */,
				98F1224729684D0500E4F4D1 /* HelperExtensions.swift */,
			);
			path = Helpers;
			sourceTree = "<group>";
		};
/* End PBXGroup section */

/* Begin PBXNativeTarget section */
		98E3F2AC29427B3E00FFCFA1 /* Luna-Diary */ = {
			isa = PBXNativeTarget;
			buildConfigurationList = 98E3F2D129427B4200FFCFA1 /* Build configuration list for PBXNativeTarget "Luna-Diary" */;
			buildPhases = (
				98E3F2A929427B3E00FFCFA1 /* Sources */,
				98E3F2AA29427B3E00FFCFA1 /* Frameworks */,
				98E3F2AB29427B3E00FFCFA1 /* Resources */,
			);
			buildRules = (
			);
			dependencies = (
			);
			name = "Luna-Diary";
			productName = "Luna-Diary";
			productReference = 98E3F2AD29427B3E00FFCFA1 /* Luna-Diary.app */;
			productType = "com.apple.product-type.application";
		};
		98E3F2BC29427B4200FFCFA1 /* Luna-DiaryTests */ = {
			isa = PBXNativeTarget;
			buildConfigurationList = 98E3F2D429427B4200FFCFA1 /* Build configuration list for PBXNativeTarget "Luna-DiaryTests" */;
			buildPhases = (
				98E3F2B929427B4200FFCFA1 /* Sources */,
				98E3F2BA29427B4200FFCFA1 /* Frameworks */,
				98E3F2BB29427B4200FFCFA1 /* Resources */,
			);
			buildRules = (
			);
			dependencies = (
				98E3F2BF29427B4200FFCFA1 /* PBXTargetDependency */,
			);
			name = "Luna-DiaryTests";
			productName = "Luna-DiaryTests";
			productReference = 98E3F2BD29427B4200FFCFA1 /* Luna-DiaryTests.xctest */;
			productType = "com.apple.product-type.bundle.unit-test";
		};
		98E3F2C629427B4200FFCFA1 /* Luna-DiaryUITests */ = {
			isa = PBXNativeTarget;
			buildConfigurationList = 98E3F2D729427B4200FFCFA1 /* Build configuration list for PBXNativeTarget "Luna-DiaryUITests" */;
			buildPhases = (
				98E3F2C329427B4200FFCFA1 /* Sources */,
				98E3F2C429427B4200FFCFA1 /* Frameworks */,
				98E3F2C529427B4200FFCFA1 /* Resources */,
			);
			buildRules = (
			);
			dependencies = (
				98E3F2C929427B4200FFCFA1 /* PBXTargetDependency */,
			);
			name = "Luna-DiaryUITests";
			productName = "Luna-DiaryUITests";
			productReference = 98E3F2C729427B4200FFCFA1 /* Luna-DiaryUITests.xctest */;
			productType = "com.apple.product-type.bundle.ui-testing";
		};
/* End PBXNativeTarget section */

/* Begin PBXProject section */
		98E3F2A529427B3E00FFCFA1 /* Project object */ = {
			isa = PBXProject;
			attributes = {
				BuildIndependentTargetsInParallel = 1;
				LastSwiftUpdateCheck = 1410;
				LastUpgradeCheck = 1410;
				TargetAttributes = {
					98E3F2AC29427B3E00FFCFA1 = {
						CreatedOnToolsVersion = 14.1;
					};
					98E3F2BC29427B4200FFCFA1 = {
						CreatedOnToolsVersion = 14.1;
						TestTargetID = 98E3F2AC29427B3E00FFCFA1;
					};
					98E3F2C629427B4200FFCFA1 = {
						CreatedOnToolsVersion = 14.1;
						TestTargetID = 98E3F2AC29427B3E00FFCFA1;
					};
				};
			};
			buildConfigurationList = 98E3F2A829427B3E00FFCFA1 /* Build configuration list for PBXProject "Luna-Diary" */;
			compatibilityVersion = "Xcode 14.0";
			developmentRegion = en;
			hasScannedForEncodings = 0;
			knownRegions = (
				en,
				Base,
			);
			mainGroup = 98E3F2A429427B3E00FFCFA1;
			productRefGroup = 98E3F2AE29427B3E00FFCFA1 /* Products */;
			projectDirPath = "";
			projectRoot = "";
			targets = (
				98E3F2AC29427B3E00FFCFA1 /* Luna-Diary */,
				98E3F2BC29427B4200FFCFA1 /* Luna-DiaryTests */,
				98E3F2C629427B4200FFCFA1 /* Luna-DiaryUITests */,
			);
		};
/* End PBXProject section */

/* Begin PBXResourcesBuildPhase section */
		98E3F2AB29427B3E00FFCFA1 /* Resources */ = {
			isa = PBXResourcesBuildPhase;
			buildActionMask = 2147483647;
			files = (
				98DDB1F6294AD82200D933D4 /* YanoneKaffeesatz-Bold.ttf in Resources */,
				98E3F2B829427B4100FFCFA1 /* Preview Assets.xcassets in Resources */,
				98DDB1E9294ABA5400D933D4 /* Poppins-Light.ttf in Resources */,
				98DDB1F4294AC80B00D933D4 /* MADEWaffleSlab.ttf in Resources */,
				98DDB1E5294ABA3B00D933D4 /* YanoneKaffeesatz-Light.ttf in Resources */,
				98E3F2B529427B4100FFCFA1 /* Assets.xcassets in Resources */,
				98DDB1EE294AC14B00D933D4 /* Holla.ttf in Resources */,
			);
			runOnlyForDeploymentPostprocessing = 0;
		};
		98E3F2BB29427B4200FFCFA1 /* Resources */ = {
			isa = PBXResourcesBuildPhase;
			buildActionMask = 2147483647;
			files = (
			);
			runOnlyForDeploymentPostprocessing = 0;
		};
		98E3F2C529427B4200FFCFA1 /* Resources */ = {
			isa = PBXResourcesBuildPhase;
			buildActionMask = 2147483647;
			files = (
			);
			runOnlyForDeploymentPostprocessing = 0;
		};
/* End PBXResourcesBuildPhase section */

/* Begin PBXSourcesBuildPhase section */
		98E3F2A929427B3E00FFCFA1 /* Sources */ = {
			isa = PBXSourcesBuildPhase;
			buildActionMask = 2147483647;
			files = (
				985CFA9E29513BAF001FB400 /* DiaryModelController.swift in Sources */,
				9899EC252966869C00E02277 /* SettingsView.swift in Sources */,
				98E3F2B329427B3E00FFCFA1 /* ContentView.swift in Sources */,
				987D8DE3294621EA00C807F2 /* TabMainView.swift in Sources */,
				981D382A294C237300B30715 /* ReviewEntry.swift in Sources */,
				98E3F2B129427B3E00FFCFA1 /* Luna_DiaryApp.swift in Sources */,
				98F8EF3D2962720D0098EF71 /* HelperFunctions.swift in Sources */,
				98D70D2A2952503600410D33 /* TodayHeader.swift in Sources */,
				9805468E2944DFCF006301CF /* CalendarView.swift in Sources */,
				98DB857A295EAEA90048A596 /* ThemeButton.swift in Sources */,
				9805468C29438901006301CF /* jinxImage.swift in Sources */,
				98F1224C29693D2400E4F4D1 /* ReviewAllEntriesView.swift in Sources */,
				98DFEF5929679DED006F9BE4 /* ColourSchemeController.swift in Sources */,
				98F8EF3A29626F8D0098EF71 /* EntryRowDate.swift in Sources */,
				987D8DE52946313900C807F2 /* SearchBar.swift in Sources */,
				9835735C294509B200038530 /* SearchView.swift in Sources */,
				98B40B0D294BBEC400463C68 /* NoEntriesView.swift in Sources */,
				98F8EF3F29629F7E0098EF71 /* SearchCancelButton.swift in Sources */,
				9899EC2329665AAB00E02277 /* UpdateEntry.swift in Sources */,
				9899EC2A29668C7300E02277 /* ColourPaletteView.swift in Sources */,
				98D87FA3296A6321006F7C09 /* UserNameController.swift in Sources */,
				98364529296F36BB0097B34E /* CreditsView.swift in Sources */,
				9835735A2944F54700038530 /* CurrentDayView.swift in Sources */,
				98F1224A2969320200E4F4D1 /* NameChangeView.swift in Sources */,
				9808BF332946C3380050F8D1 /* EntryView.swift in Sources */,
				98F1224829684D0500E4F4D1 /* HelperExtensions.swift in Sources */,
				98B40B0F294BBF2500463C68 /* EntryRow.swift in Sources */,
				985CFA9B295137E1001FB400 /* DiaryModel.swift in Sources */,
				98DB8576295B8C000048A596 /* DummyDiaryEntry.swift in Sources */,
				98F8EF3829625BA00098EF71 /* datesList.swift in Sources */,
				9899EC2829668C5A00E02277 /* NotificationsView.swift in Sources */,
				98DFEF5729674784006F9BE4 /* HeaderView.swift in Sources */,
			);
			runOnlyForDeploymentPostprocessing = 0;
		};
		98E3F2B929427B4200FFCFA1 /* Sources */ = {
			isa = PBXSourcesBuildPhase;
			buildActionMask = 2147483647;
			files = (
				98E3F2C229427B4200FFCFA1 /* Luna_DiaryTests.swift in Sources */,
			);
			runOnlyForDeploymentPostprocessing = 0;
		};
		98E3F2C329427B4200FFCFA1 /* Sources */ = {
			isa = PBXSourcesBuildPhase;
			buildActionMask = 2147483647;
			files = (
				98E3F2CE29427B4200FFCFA1 /* Luna_DiaryUITestsLaunchTests.swift in Sources */,
				98E3F2CC29427B4200FFCFA1 /* Luna_DiaryUITests.swift in Sources */,
			);
			runOnlyForDeploymentPostprocessing = 0;
		};
/* End PBXSourcesBuildPhase section */

/* Begin PBXTargetDependency section */
		98E3F2BF29427B4200FFCFA1 /* PBXTargetDependency */ = {
			isa = PBXTargetDependency;
			target = 98E3F2AC29427B3E00FFCFA1 /* Luna-Diary */;
			targetProxy = 98E3F2BE29427B4200FFCFA1 /* PBXContainerItemProxy */;
		};
		98E3F2C929427B4200FFCFA1 /* PBXTargetDependency */ = {
			isa = PBXTargetDependency;
			target = 98E3F2AC29427B3E00FFCFA1 /* Luna-Diary */;
			targetProxy = 98E3F2C829427B4200FFCFA1 /* PBXContainerItemProxy */;
		};
/* End PBXTargetDependency section */

/* Begin XCBuildConfiguration section */
		98E3F2CF29427B4200FFCFA1 /* Debug */ = {
			isa = XCBuildConfiguration;
			buildSettings = {
				ALWAYS_SEARCH_USER_PATHS = NO;
				CLANG_ANALYZER_NONNULL = YES;
				CLANG_ANALYZER_NUMBER_OBJECT_CONVERSION = YES_AGGRESSIVE;
				CLANG_CXX_LANGUAGE_STANDARD = "gnu++20";
				CLANG_ENABLE_MODULES = YES;
				CLANG_ENABLE_OBJC_ARC = YES;
				CLANG_ENABLE_OBJC_WEAK = YES;
				CLANG_WARN_BLOCK_CAPTURE_AUTORELEASING = YES;
				CLANG_WARN_BOOL_CONVERSION = YES;
				CLANG_WARN_COMMA = YES;
				CLANG_WARN_CONSTANT_CONVERSION = YES;
				CLANG_WARN_DEPRECATED_OBJC_IMPLEMENTATIONS = YES;
				CLANG_WARN_DIRECT_OBJC_ISA_USAGE = YES_ERROR;
				CLANG_WARN_DOCUMENTATION_COMMENTS = YES;
				CLANG_WARN_EMPTY_BODY = YES;
				CLANG_WARN_ENUM_CONVERSION = YES;
				CLANG_WARN_INFINITE_RECURSION = YES;
				CLANG_WARN_INT_CONVERSION = YES;
				CLANG_WARN_NON_LITERAL_NULL_CONVERSION = YES;
				CLANG_WARN_OBJC_IMPLICIT_RETAIN_SELF = YES;
				CLANG_WARN_OBJC_LITERAL_CONVERSION = YES;
				CLANG_WARN_OBJC_ROOT_CLASS = YES_ERROR;
				CLANG_WARN_QUOTED_INCLUDE_IN_FRAMEWORK_HEADER = YES;
				CLANG_WARN_RANGE_LOOP_ANALYSIS = YES;
				CLANG_WARN_STRICT_PROTOTYPES = YES;
				CLANG_WARN_SUSPICIOUS_MOVE = YES;
				CLANG_WARN_UNGUARDED_AVAILABILITY = YES_AGGRESSIVE;
				CLANG_WARN_UNREACHABLE_CODE = YES;
				CLANG_WARN__DUPLICATE_METHOD_MATCH = YES;
				COPY_PHASE_STRIP = NO;
				DEBUG_INFORMATION_FORMAT = dwarf;
				ENABLE_STRICT_OBJC_MSGSEND = YES;
				ENABLE_TESTABILITY = YES;
				GCC_C_LANGUAGE_STANDARD = gnu11;
				GCC_DYNAMIC_NO_PIC = NO;
				GCC_NO_COMMON_BLOCKS = YES;
				GCC_OPTIMIZATION_LEVEL = 0;
				GCC_PREPROCESSOR_DEFINITIONS = (
					"DEBUG=1",
					"$(inherited)",
				);
				GCC_WARN_64_TO_32_BIT_CONVERSION = YES;
				GCC_WARN_ABOUT_RETURN_TYPE = YES_ERROR;
				GCC_WARN_UNDECLARED_SELECTOR = YES;
				GCC_WARN_UNINITIALIZED_AUTOS = YES_AGGRESSIVE;
				GCC_WARN_UNUSED_FUNCTION = YES;
				GCC_WARN_UNUSED_VARIABLE = YES;
				INFOPLIST_FILE = "Luna-Diary/Info.plist";
				IPHONEOS_DEPLOYMENT_TARGET = 16.1;
				MTL_ENABLE_DEBUG_INFO = INCLUDE_SOURCE;
				MTL_FAST_MATH = YES;
				ONLY_ACTIVE_ARCH = YES;
				SDKROOT = iphoneos;
				SWIFT_ACTIVE_COMPILATION_CONDITIONS = DEBUG;
				SWIFT_OPTIMIZATION_LEVEL = "-Onone";
			};
			name = Debug;
		};
		98E3F2D029427B4200FFCFA1 /* Release */ = {
			isa = XCBuildConfiguration;
			buildSettings = {
				ALWAYS_SEARCH_USER_PATHS = NO;
				CLANG_ANALYZER_NONNULL = YES;
				CLANG_ANALYZER_NUMBER_OBJECT_CONVERSION = YES_AGGRESSIVE;
				CLANG_CXX_LANGUAGE_STANDARD = "gnu++20";
				CLANG_ENABLE_MODULES = YES;
				CLANG_ENABLE_OBJC_ARC = YES;
				CLANG_ENABLE_OBJC_WEAK = YES;
				CLANG_WARN_BLOCK_CAPTURE_AUTORELEASING = YES;
				CLANG_WARN_BOOL_CONVERSION = YES;
				CLANG_WARN_COMMA = YES;
				CLANG_WARN_CONSTANT_CONVERSION = YES;
				CLANG_WARN_DEPRECATED_OBJC_IMPLEMENTATIONS = YES;
				CLANG_WARN_DIRECT_OBJC_ISA_USAGE = YES_ERROR;
				CLANG_WARN_DOCUMENTATION_COMMENTS = YES;
				CLANG_WARN_EMPTY_BODY = YES;
				CLANG_WARN_ENUM_CONVERSION = YES;
				CLANG_WARN_INFINITE_RECURSION = YES;
				CLANG_WARN_INT_CONVERSION = YES;
				CLANG_WARN_NON_LITERAL_NULL_CONVERSION = YES;
				CLANG_WARN_OBJC_IMPLICIT_RETAIN_SELF = YES;
				CLANG_WARN_OBJC_LITERAL_CONVERSION = YES;
				CLANG_WARN_OBJC_ROOT_CLASS = YES_ERROR;
				CLANG_WARN_QUOTED_INCLUDE_IN_FRAMEWORK_HEADER = YES;
				CLANG_WARN_RANGE_LOOP_ANALYSIS = YES;
				CLANG_WARN_STRICT_PROTOTYPES = YES;
				CLANG_WARN_SUSPICIOUS_MOVE = YES;
				CLANG_WARN_UNGUARDED_AVAILABILITY = YES_AGGRESSIVE;
				CLANG_WARN_UNREACHABLE_CODE = YES;
				CLANG_WARN__DUPLICATE_METHOD_MATCH = YES;
				COPY_PHASE_STRIP = NO;
				DEBUG_INFORMATION_FORMAT = "dwarf-with-dsym";
				ENABLE_NS_ASSERTIONS = NO;
				ENABLE_STRICT_OBJC_MSGSEND = YES;
				GCC_C_LANGUAGE_STANDARD = gnu11;
				GCC_NO_COMMON_BLOCKS = YES;
				GCC_WARN_64_TO_32_BIT_CONVERSION = YES;
				GCC_WARN_ABOUT_RETURN_TYPE = YES_ERROR;
				GCC_WARN_UNDECLARED_SELECTOR = YES;
				GCC_WARN_UNINITIALIZED_AUTOS = YES_AGGRESSIVE;
				GCC_WARN_UNUSED_FUNCTION = YES;
				GCC_WARN_UNUSED_VARIABLE = YES;
				INFOPLIST_FILE = "Luna-Diary/Info.plist";
				IPHONEOS_DEPLOYMENT_TARGET = 16.1;
				MTL_ENABLE_DEBUG_INFO = NO;
				MTL_FAST_MATH = YES;
				SDKROOT = iphoneos;
				SWIFT_COMPILATION_MODE = wholemodule;
				SWIFT_OPTIMIZATION_LEVEL = "-O";
				VALIDATE_PRODUCT = YES;
			};
			name = Release;
		};
		98E3F2D229427B4200FFCFA1 /* Debug */ = {
			isa = XCBuildConfiguration;
			buildSettings = {
				ASSETCATALOG_COMPILER_APPICON_NAME = AppIcon;
				ASSETCATALOG_COMPILER_GLOBAL_ACCENT_COLOR_NAME = AccentColor;
				CODE_SIGN_STYLE = Automatic;
				CURRENT_PROJECT_VERSION = 1;
				DEVELOPMENT_ASSET_PATHS = "\"Luna-Diary/Preview Content\"";
				DEVELOPMENT_TEAM = XQPN64PD78;
				ENABLE_PREVIEWS = YES;
				GENERATE_INFOPLIST_FILE = YES;
				INFOPLIST_KEY_UIApplicationSceneManifest_Generation = YES;
				INFOPLIST_KEY_UIApplicationSupportsIndirectInputEvents = YES;
				INFOPLIST_KEY_UILaunchScreen_Generation = YES;
				INFOPLIST_KEY_UISupportedInterfaceOrientations_iPad = "UIInterfaceOrientationPortrait UIInterfaceOrientationPortraitUpsideDown UIInterfaceOrientationLandscapeLeft UIInterfaceOrientationLandscapeRight";
				INFOPLIST_KEY_UISupportedInterfaceOrientations_iPhone = "UIInterfaceOrientationPortrait UIInterfaceOrientationLandscapeLeft UIInterfaceOrientationLandscapeRight";
				LD_RUNPATH_SEARCH_PATHS = (
					"$(inherited)",
					"@executable_path/Frameworks",
				);
				MARKETING_VERSION = 1.0;
				PRODUCT_BUNDLE_IDENTIFIER = "com.daniel.Luna-Diary";
				PRODUCT_NAME = "$(TARGET_NAME)";
				SWIFT_EMIT_LOC_STRINGS = YES;
				SWIFT_VERSION = 5.0;
				TARGETED_DEVICE_FAMILY = "1,2";
			};
			name = Debug;
		};
		98E3F2D329427B4200FFCFA1 /* Release */ = {
			isa = XCBuildConfiguration;
			buildSettings = {
				ASSETCATALOG_COMPILER_APPICON_NAME = AppIcon;
				ASSETCATALOG_COMPILER_GLOBAL_ACCENT_COLOR_NAME = AccentColor;
				CODE_SIGN_STYLE = Automatic;
				CURRENT_PROJECT_VERSION = 1;
				DEVELOPMENT_ASSET_PATHS = "\"Luna-Diary/Preview Content\"";
				DEVELOPMENT_TEAM = XQPN64PD78;
				ENABLE_PREVIEWS = YES;
				GENERATE_INFOPLIST_FILE = YES;
				INFOPLIST_KEY_UIApplicationSceneManifest_Generation = YES;
				INFOPLIST_KEY_UIApplicationSupportsIndirectInputEvents = YES;
				INFOPLIST_KEY_UILaunchScreen_Generation = YES;
				INFOPLIST_KEY_UISupportedInterfaceOrientations_iPad = "UIInterfaceOrientationPortrait UIInterfaceOrientationPortraitUpsideDown UIInterfaceOrientationLandscapeLeft UIInterfaceOrientationLandscapeRight";
				INFOPLIST_KEY_UISupportedInterfaceOrientations_iPhone = "UIInterfaceOrientationPortrait UIInterfaceOrientationLandscapeLeft UIInterfaceOrientationLandscapeRight";
				LD_RUNPATH_SEARCH_PATHS = (
					"$(inherited)",
					"@executable_path/Frameworks",
				);
				MARKETING_VERSION = 1.0;
				PRODUCT_BUNDLE_IDENTIFIER = "com.daniel.Luna-Diary";
				PRODUCT_NAME = "$(TARGET_NAME)";
				SWIFT_EMIT_LOC_STRINGS = YES;
				SWIFT_VERSION = 5.0;
				TARGETED_DEVICE_FAMILY = "1,2";
			};
			name = Release;
		};
		98E3F2D529427B4200FFCFA1 /* Debug */ = {
			isa = XCBuildConfiguration;
			buildSettings = {
				ALWAYS_EMBED_SWIFT_STANDARD_LIBRARIES = YES;
				BUNDLE_LOADER = "$(TEST_HOST)";
				CODE_SIGN_STYLE = Automatic;
				CURRENT_PROJECT_VERSION = 1;
				DEVELOPMENT_TEAM = XQPN64PD78;
				GENERATE_INFOPLIST_FILE = YES;
				IPHONEOS_DEPLOYMENT_TARGET = 16.1;
				MARKETING_VERSION = 1.0;
				PRODUCT_BUNDLE_IDENTIFIER = "com.daniel.Luna-DiaryTests";
				PRODUCT_NAME = "$(TARGET_NAME)";
				SWIFT_EMIT_LOC_STRINGS = NO;
				SWIFT_VERSION = 5.0;
				TARGETED_DEVICE_FAMILY = "1,2";
				TEST_HOST = "$(BUILT_PRODUCTS_DIR)/Luna-Diary.app/$(BUNDLE_EXECUTABLE_FOLDER_PATH)/Luna-Diary";
			};
			name = Debug;
		};
		98E3F2D629427B4200FFCFA1 /* Release */ = {
			isa = XCBuildConfiguration;
			buildSettings = {
				ALWAYS_EMBED_SWIFT_STANDARD_LIBRARIES = YES;
				BUNDLE_LOADER = "$(TEST_HOST)";
				CODE_SIGN_STYLE = Automatic;
				CURRENT_PROJECT_VERSION = 1;
				DEVELOPMENT_TEAM = XQPN64PD78;
				GENERATE_INFOPLIST_FILE = YES;
				IPHONEOS_DEPLOYMENT_TARGET = 16.1;
				MARKETING_VERSION = 1.0;
				PRODUCT_BUNDLE_IDENTIFIER = "com.daniel.Luna-DiaryTests";
				PRODUCT_NAME = "$(TARGET_NAME)";
				SWIFT_EMIT_LOC_STRINGS = NO;
				SWIFT_VERSION = 5.0;
				TARGETED_DEVICE_FAMILY = "1,2";
				TEST_HOST = "$(BUILT_PRODUCTS_DIR)/Luna-Diary.app/$(BUNDLE_EXECUTABLE_FOLDER_PATH)/Luna-Diary";
			};
			name = Release;
		};
		98E3F2D829427B4200FFCFA1 /* Debug */ = {
			isa = XCBuildConfiguration;
			buildSettings = {
				ALWAYS_EMBED_SWIFT_STANDARD_LIBRARIES = YES;
				CODE_SIGN_STYLE = Automatic;
				CURRENT_PROJECT_VERSION = 1;
				DEVELOPMENT_TEAM = XQPN64PD78;
				GENERATE_INFOPLIST_FILE = YES;
				MARKETING_VERSION = 1.0;
				PRODUCT_BUNDLE_IDENTIFIER = "com.daniel.Luna-DiaryUITests";
				PRODUCT_NAME = "$(TARGET_NAME)";
				SWIFT_EMIT_LOC_STRINGS = NO;
				SWIFT_VERSION = 5.0;
				TARGETED_DEVICE_FAMILY = "1,2";
				TEST_TARGET_NAME = "Luna-Diary";
			};
			name = Debug;
		};
		98E3F2D929427B4200FFCFA1 /* Release */ = {
			isa = XCBuildConfiguration;
			buildSettings = {
				ALWAYS_EMBED_SWIFT_STANDARD_LIBRARIES = YES;
				CODE_SIGN_STYLE = Automatic;
				CURRENT_PROJECT_VERSION = 1;
				DEVELOPMENT_TEAM = XQPN64PD78;
				GENERATE_INFOPLIST_FILE = YES;
				MARKETING_VERSION = 1.0;
				PRODUCT_BUNDLE_IDENTIFIER = "com.daniel.Luna-DiaryUITests";
				PRODUCT_NAME = "$(TARGET_NAME)";
				SWIFT_EMIT_LOC_STRINGS = NO;
				SWIFT_VERSION = 5.0;
				TARGETED_DEVICE_FAMILY = "1,2";
				TEST_TARGET_NAME = "Luna-Diary";
			};
			name = Release;
		};
/* End XCBuildConfiguration section */

/* Begin XCConfigurationList section */
		98E3F2A829427B3E00FFCFA1 /* Build configuration list for PBXProject "Luna-Diary" */ = {
			isa = XCConfigurationList;
			buildConfigurations = (
				98E3F2CF29427B4200FFCFA1 /* Debug */,
				98E3F2D029427B4200FFCFA1 /* Release */,
			);
			defaultConfigurationIsVisible = 0;
			defaultConfigurationName = Release;
		};
		98E3F2D129427B4200FFCFA1 /* Build configuration list for PBXNativeTarget "Luna-Diary" */ = {
			isa = XCConfigurationList;
			buildConfigurations = (
				98E3F2D229427B4200FFCFA1 /* Debug */,
				98E3F2D329427B4200FFCFA1 /* Release */,
			);
			defaultConfigurationIsVisible = 0;
			defaultConfigurationName = Release;
		};
		98E3F2D429427B4200FFCFA1 /* Build configuration list for PBXNativeTarget "Luna-DiaryTests" */ = {
			isa = XCConfigurationList;
			buildConfigurations = (
				98E3F2D529427B4200FFCFA1 /* Debug */,
				98E3F2D629427B4200FFCFA1 /* Release */,
			);
			defaultConfigurationIsVisible = 0;
			defaultConfigurationName = Release;
		};
		98E3F2D729427B4200FFCFA1 /* Build configuration list for PBXNativeTarget "Luna-DiaryUITests" */ = {
			isa = XCConfigurationList;
			buildConfigurations = (
				98E3F2D829427B4200FFCFA1 /* Debug */,
				98E3F2D929427B4200FFCFA1 /* Release */,
			);
			defaultConfigurationIsVisible = 0;
			defaultConfigurationName = Release;
		};
/* End XCConfigurationList section */
	};
	rootObject = 98E3F2A529427B3E00FFCFA1 /* Project object */;
}
